
Microsoft Visual Studio Solution File, Format Version 12.00
# Visual Studio 15
VisualStudioVersion = 15.0.27428.2037
MinimumVisualStudioVersion = 10.0.40219.1
Project("{FAE04EC0-301F-11D3-BF4B-00C04F79EFBC}") = "OneSignalAPI.Android", "OneSignalAPI\OneSignalAPI.Android\OneSignalAPI.Android.csproj", "{51B93E44-769A-43A8-BE7A-978781DF5B9A}"
EndProject
Project("{FAE04EC0-301F-11D3-BF4B-00C04F79EFBC}") = "OneSignalAPI.iOS", "OneSignalAPI\OneSignalAPI.iOS\OneSignalAPI.iOS.csproj", "{7E348F3E-5D8A-4AB0-B497-6FCD82E798B3}"
EndProject
Project("{9A19103F-16F7-4668-BE54-9A1E7A4F7556}") = "OneSignalAPI", "OneSignalAPI\OneSignalAPI\OneSignalAPI.csproj", "{0919C198-D4DF-4FDD-A0F3-9B219457BA2E}"
EndProject
Global
	GlobalSection(SolutionConfigurationPlatforms) = preSolution
		Ad-Hoc|Any CPU = Ad-Hoc|Any CPU
		Ad-Hoc|iPhone = Ad-Hoc|iPhone
		Ad-Hoc|iPhoneSimulator = Ad-Hoc|iPhoneSimulator
		AppStore|Any CPU = AppStore|Any CPU
		AppStore|iPhone = AppStore|iPhone
		AppStore|iPhoneSimulator = AppStore|iPhoneSimulator
		Debug|Any CPU = Debug|Any CPU
		Debug|iPhone = Debug|iPhone
		Debug|iPhoneSimulator = Debug|iPhoneSimulator
		Release|Any CPU = Release|Any CPU
		Release|iPhone = Release|iPhone
		Release|iPhoneSimulator = Release|iPhoneSimulator
	EndGlobalSection
	GlobalSection(ProjectConfigurationPlatforms) = postSolution
		{51B93E44-769A-43A8-BE7A-978781DF5B9A}.Ad-Hoc|Any CPU.ActiveCfg = Release|Any CPU
		{51B93E44-769A-43A8-BE7A-978781DF5B9A}.Ad-Hoc|Any CPU.Build.0 = Release|Any CPU
		{51B93E44-769A-43A8-BE7A-978781DF5B9A}.Ad-Hoc|Any CPU.Deploy.0 = Release|Any CPU
		{51B93E44-769A-43A8-BE7A-978781DF5B9A}.Ad-Hoc|iPhone.ActiveCfg = Release|Any CPU
		{51B93E44-769A-43A8-BE7A-978781DF5B9A}.Ad-Hoc|iPhone.Build.0 = Release|Any CPU
		{51B93E44-769A-43A8-BE7A-978781DF5B9A}.Ad-Hoc|iPhone.Deploy.0 = Release|Any CPU
		{51B93E44-769A-43A8-BE7A-978781DF5B9A}.Ad-Hoc|iPhoneSimulator.ActiveCfg = Release|Any CPU
		{51B93E44-769A-43A8-BE7A-978781DF5B9A}.Ad-Hoc|iPhoneSimulator.Build.0 = Release|Any CPU
		{51B93E44-769A-43A8-BE7A-978781DF5B9A}.Ad-Hoc|iPhoneSimulator.Deploy.0 = Release|Any CPU
		{51B93E44-769A-43A8-BE7A-978781DF5B9A}.AppStore|Any CPU.ActiveCfg = Release|Any CPU
		{51B93E44-769A-43A8-BE7A-978781DF5B9A}.AppStore|Any CPU.Build.0 = Release|Any CPU
		{51B93E44-769A-43A8-BE7A-978781DF5B9A}.AppStore|Any CPU.Deploy.0 = Release|Any CPU
		{51B93E44-769A-43A8-BE7A-978781DF5B9A}.AppStore|iPhone.ActiveCfg = Release|Any CPU
		{51B93E44-769A-43A8-BE7A-978781DF5B9A}.AppStore|iPhone.Build.0 = Release|Any CPU
		{51B93E44-769A-43A8-BE7A-978781DF5B9A}.AppStore|iPhone.Deploy.0 = Release|Any CPU
		{51B93E44-769A-43A8-BE7A-978781DF5B9A}.AppStore|iPhoneSimulator.ActiveCfg = Release|Any CPU
		{51B93E44-769A-43A8-BE7A-978781DF5B9A}.AppStore|iPhoneSimulator.Build.0 = Release|Any CPU
		{51B93E44-769A-43A8-BE7A-978781DF5B9A}.AppStore|iPhoneSimulator.Deploy.0 = Release|Any CPU
		{51B93E44-769A-43A8-BE7A-978781DF5B9A}.Debug|Any CPU.ActiveCfg = Debug|Any CPU
		{51B93E44-769A-43A8-BE7A-978781DF5B9A}.Debug|Any CPU.Build.0 = Debug|Any CPU
		{51B93E44-769A-43A8-BE7A-978781DF5B9A}.Debug|Any CPU.Deploy.0 = Debug|Any CPU
		{51B93E44-769A-43A8-BE7A-978781DF5B9A}.Debug|iPhone.ActiveCfg = Debug|Any CPU
		{51B93E44-769A-43A8-BE7A-978781DF5B9A}.Debug|iPhone.Build.0 = Debug|Any CPU
		{51B93E44-769A-43A8-BE7A-978781DF5B9A}.Debug|iPhone.Deploy.0 = Debug|Any CPU
		{51B93E44-769A-43A8-BE7A-978781DF5B9A}.Debug|iPhoneSimulator.ActiveCfg = Debug|Any CPU
		{51B93E44-769A-43A8-BE7A-978781DF5B9A}.Debug|iPhoneSimulator.Build.0 = Debug|Any CPU
		{51B93E44-769A-43A8-BE7A-978781DF5B9A}.Debug|iPhoneSimulator.Deploy.0 = Debug|Any CPU
		{51B93E44-769A-43A8-BE7A-978781DF5B9A}.Release|Any CPU.ActiveCfg = Release|Any CPU
		{51B93E44-769A-43A8-BE7A-978781DF5B9A}.Release|Any CPU.Build.0 = Release|Any CPU
		{51B93E44-769A-43A8-BE7A-978781DF5B9A}.Release|Any CPU.Deploy.0 = Release|Any CPU
		{51B93E44-769A-43A8-BE7A-978781DF5B9A}.Release|iPhone.ActiveCfg = Release|Any CPU
		{51B93E44-769A-43A8-BE7A-978781DF5B9A}.Release|iPhone.Build.0 = Release|Any CPU
		{51B93E44-769A-43A8-BE7A-978781DF5B9A}.Release|iPhone.Deploy.0 = Release|Any CPU
		{51B93E44-769A-43A8-BE7A-978781DF5B9A}.Release|iPhoneSimulator.ActiveCfg = Release|Any CPU
		{51B93E44-769A-43A8-BE7A-978781DF5B9A}.Release|iPhoneSimulator.Build.0 = Release|Any CPU
		{51B93E44-769A-43A8-BE7A-978781DF5B9A}.Release|iPhoneSimulator.Deploy.0 = Release|Any CPU
		{7E348F3E-5D8A-4AB0-B497-6FCD82E798B3}.Ad-Hoc|Any CPU.ActiveCfg = Ad-Hoc|iPhone
		{7E348F3E-5D8A-4AB0-B497-6FCD82E798B3}.Ad-Hoc|iPhone.ActiveCfg = Ad-Hoc|iPhone
		{7E348F3E-5D8A-4AB0-B497-6FCD82E798B3}.Ad-Hoc|iPhone.Build.0 = Ad-Hoc|iPhone
		{7E348F3E-5D8A-4AB0-B497-6FCD82E798B3}.Ad-Hoc|iPhoneSimulator.ActiveCfg = Ad-Hoc|iPhoneSimulator
		{7E348F3E-5D8A-4AB0-B497-6FCD82E798B3}.Ad-Hoc|iPhoneSimulator.Build.0 = Ad-Hoc|iPhoneSimulator
		{7E348F3E-5D8A-4AB0-B497-6FCD82E798B3}.AppStore|Any CPU.ActiveCfg = AppStore|iPhone
		{7E348F3E-5D8A-4AB0-B497-6FCD82E798B3}.AppStore|iPhone.ActiveCfg = AppStore|iPhone
		{7E348F3E-5D8A-4AB0-B497-6FCD82E798B3}.AppStore|iPhone.Build.0 = AppStore|iPhone
		{7E348F3E-5D8A-4AB0-B497-6FCD82E798B3}.AppStore|iPhoneSimulator.ActiveCfg = AppStore|iPhoneSimulator
		{7E348F3E-5D8A-4AB0-B497-6FCD82E798B3}.AppStore|iPhoneSimulator.Build.0 = AppStore|iPhoneSimulator
		{7E348F3E-5D8A-4AB0-B497-6FCD82E798B3}.Debug|Any CPU.ActiveCfg = Debug|iPhone
		{7E348F3E-5D8A-4AB0-B497-6FCD82E798B3}.Debug|iPhone.ActiveCfg = Debug|iPhone
		{7E348F3E-5D8A-4AB0-B497-6FCD82E798B3}.Debug|iPhone.Build.0 = Debug|iPhone
		{7E348F3E-5D8A-4AB0-B497-6FCD82E798B3}.Debug|iPhoneSimulator.ActiveCfg = Debug|iPhoneSimulator
		{7E348F3E-5D8A-4AB0-B497-6FCD82E798B3}.Debug|iPhoneSimulator.Build.0 = Debug|iPhoneSimulator
		{7E348F3E-5D8A-4AB0-B497-6FCD82E798B3}.Release|Any CPU.ActiveCfg = Release|iPhone
		{7E348F3E-5D8A-4AB0-B497-6FCD82E798B3}.Release|iPhone.ActiveCfg = Release|iPhone
		{7E348F3E-5D8A-4AB0-B497-6FCD82E798B3}.Release|iPhone.Build.0 = Release|iPhone
		{7E348F3E-5D8A-4AB0-B497-6FCD82E798B3}.Release|iPhoneSimulator.ActiveCfg = Release|iPhoneSimulator
		{7E348F3E-5D8A-4AB0-B497-6FCD82E798B3}.Release|iPhoneSimulator.Build.0 = Release|iPhoneSimulator
		{0919C198-D4DF-4FDD-A0F3-9B219457BA2E}.Ad-Hoc|Any CPU.ActiveCfg = Debug|Any CPU
		{0919C198-D4DF-4FDD-A0F3-9B219457BA2E}.Ad-Hoc|Any CPU.Build.0 = Debug|Any CPU
		{0919C198-D4DF-4FDD-A0F3-9B219457BA2E}.Ad-Hoc|iPhone.ActiveCfg = Debug|Any CPU
		{0919C198-D4DF-4FDD-A0F3-9B219457BA2E}.Ad-Hoc|iPhone.Build.0 = Debug|Any CPU
		{0919C198-D4DF-4FDD-A0F3-9B219457BA2E}.Ad-Hoc|iPhoneSimulator.ActiveCfg = Debug|Any CPU
		{0919C198-D4DF-4FDD-A0F3-9B219457BA2E}.Ad-Hoc|iPhoneSimulator.Build.0 = Debug|Any CPU
		{0919C198-D4DF-4FDD-A0F3-9B219457BA2E}.AppStore|Any CPU.ActiveCfg = Debug|Any CPU
		{0919C198-D4DF-4FDD-A0F3-9B219457BA2E}.AppStore|Any CPU.Build.0 = Debug|Any CPU
		{0919C198-D4DF-4FDD-A0F3-9B219457BA2E}.AppStore|iPhone.ActiveCfg = Debug|Any CPU
		{0919C198-D4DF-4FDD-A0F3-9B219457BA2E}.AppStore|iPhone.Build.0 = Debug|Any CPU
		{0919C198-D4DF-4FDD-A0F3-9B219457BA2E}.AppStore|iPhoneSimulator.ActiveCfg = Debug|Any CPU
		{0919C198-D4DF-4FDD-A0F3-9B219457BA2E}.AppStore|iPhoneSimulator.Build.0 = Debug|Any CPU
		{0919C198-D4DF-4FDD-A0F3-9B219457BA2E}.Debug|Any CPU.ActiveCfg = Debug|Any CPU
		{0919C198-D4DF-4FDD-A0F3-9B219457BA2E}.Debug|Any CPU.Build.0 = Debug|Any CPU
		{0919C198-D4DF-4FDD-A0F3-9B219457BA2E}.Debug|iPhone.ActiveCfg = Debug|Any CPU
		{0919C198-D4DF-4FDD-A0F3-9B219457BA2E}.Debug|iPhone.Build.0 = Debug|Any CPU
		{0919C198-D4DF-4FDD-A0F3-9B219457BA2E}.Debug|iPhoneSimulator.ActiveCfg = Debug|Any CPU
		{0919C198-D4DF-4FDD-A0F3-9B219457BA2E}.Debug|iPhoneSimulator.Build.0 = Debug|Any CPU
		{0919C198-D4DF-4FDD-A0F3-9B219457BA2E}.Release|Any CPU.ActiveCfg = Release|Any CPU
		{0919C198-D4DF-4FDD-A0F3-9B219457BA2E}.Release|Any CPU.Build.0 = Release|Any CPU
		{0919C198-D4DF-4FDD-A0F3-9B219457BA2E}.Release|iPhone.ActiveCfg = Release|Any CPU
		{0919C198-D4DF-4FDD-A0F3-9B219457BA2E}.Release|iPhone.Build.0 = Release|Any CPU
		{0919C198-D4DF-4FDD-A0F3-9B219457BA2E}.Release|iPhoneSimulator.ActiveCfg = Release|Any CPU
		{0919C198-D4DF-4FDD-A0F3-9B219457BA2E}.Release|iPhoneSimulator.Build.0 = Release|Any CPU
	EndGlobalSection
	GlobalSection(SolutionProperties) = preSolution
		HideSolutionNode = FALSE
	EndGlobalSection
	GlobalSection(ExtensibilityGlobals) = postSolution
		SolutionGuid = {24795103-DFE1-4A69-A749-9ECE72944FAB}
	EndGlobalSection
EndGlobal
